
Microsoft Visual Studio Solution File, Format Version 12.00
# Visual Studio Version 17
VisualStudioVersion = 17.0.31912.275
MinimumVisualStudioVersion = 10.0.40219.1
Project("{9A19103F-16F7-4668-BE54-9A1E7A4F7556}") = "SplinterlandsRObot", "SplinterlandsRObot\SplinterlandsRObot.csproj", "{7E91C491-C17A-4DDB-B936-9291A5FDAFDC}"
EndProject
Project("{9A19103F-16F7-4668-BE54-9A1E7A4F7556}") = "SplinterlandsBrawls", "SplinterlandsBrawls\SplinterlandsBrawls.csproj", "{FBFF39F1-274C-4820-BC99-AB362CB70E3E}"
EndProject
Project("{9A19103F-16F7-4668-BE54-9A1E7A4F7556}") = "SplinterlandsApi", "SplinterlandsApi\SplinterlandsApi.csproj", "{32DED593-674E-4556-83B0-7E8E7774435B}"
EndProject
Project("{9A19103F-16F7-4668-BE54-9A1E7A4F7556}") = "SplinterlandsShared", "SplinterlandsShared\SplinterlandsShared.csproj", "{FEFE421F-A2AA-4828-879E-B2868B5E6080}"
EndProject
Project("{9A19103F-16F7-4668-BE54-9A1E7A4F7556}") = "BotApi", "BotApi\BotApi.csproj", "{0CB15130-15DE-4A25-85EE-3F032F48DDC2}"
EndProject
Project("{9A19103F-16F7-4668-BE54-9A1E7A4F7556}") = "SplinterlandsRentingIn", "SplinterlandsRentingIn\SplinterlandsRentingIn.csproj", "{41DB592A-2853-48F8-B871-CD4E5C31F7AA}"
EndProject
Project("{9A19103F-16F7-4668-BE54-9A1E7A4F7556}") = "SplinterlandsRentingOut", "SplinterlandsRentingOut\SplinterlandsRentingOut.csproj", "{612E03B9-F824-477F-A8D0-081511B816AA}"
EndProject
Project("{9A19103F-16F7-4668-BE54-9A1E7A4F7556}") = "HiveEngine", "HiveEngine\HiveEngine.csproj", "{54541B3F-CF03-4F7F-8C9A-A301612417E5}"
EndProject
Project("{9A19103F-16F7-4668-BE54-9A1E7A4F7556}") = "SplinterlandsRewards", "SplinterlandsRewards\SplinterlandsRewards.csproj", "{99F8C301-77D8-41B0-AEB9-D2087446E214}"
EndProject
Project("{9A19103F-16F7-4668-BE54-9A1E7A4F7556}") = "SplinterlandsAssets", "SplinterlandsAssets\SplinterlandsAssets.csproj", "{3AA7719C-DC49-4481-B27F-F7785D7D0012}"
EndProject
Project("{9A19103F-16F7-4668-BE54-9A1E7A4F7556}") = "ConfigurationManager", "ConfigurationManager\ConfigurationManager.csproj", "{A20F3E7E-95D5-4346-9C3C-F00CEB63D0C9}"
EndProject
Project("{9A19103F-16F7-4668-BE54-9A1E7A4F7556}") = "Logger", "Logger\Logger.csproj", "{A230AA90-2109-4867-9B38-F9AB9F321980}"
EndProject
Project("{9A19103F-16F7-4668-BE54-9A1E7A4F7556}") = "ROBot", "ROBot\ROBot.csproj", "{1FFB4D31-E500-4D69-8BFD-53BF32F993F9}"
EndProject
Project("{9A19103F-16F7-4668-BE54-9A1E7A4F7556}") = "RObotConfigurator", "RObotConfigurator\RObotConfigurator.csproj", "{7BE32BE5-5908-415C-B53B-39AAC514E313}"
EndProject
Project("{9A19103F-16F7-4668-BE54-9A1E7A4F7556}") = "SettingsManager", "SettingsManager\SettingsManager.csproj", "{285B86C0-3CF5-4404-82D0-010CCF2279AF}"
EndProject
Project("{9A19103F-16F7-4668-BE54-9A1E7A4F7556}") = "Shared", "Shared\Shared.csproj", "{E2707BAA-A44B-4AFE-92B0-3FB732BF8668}"
EndProject
Project("{9A19103F-16F7-4668-BE54-9A1E7A4F7556}") = "Splinterlands", "Splinterlands\Splinterlands.csproj", "{7BC786C2-56A0-4BA3-BBE0-F615718F4A16}"
EndProject
Project("{9A19103F-16F7-4668-BE54-9A1E7A4F7556}") = "Utilities", "Utilities\Utilities.csproj", "{A47C0A83-EC03-424A-8DB6-1FD33FF32B00}"
EndProject
Project("{9A19103F-16F7-4668-BE54-9A1E7A4F7556}") = "ProxyManager", "ProxyManager\ProxyManager.csproj", "{D634B6CF-A91E-4ED2-9961-4DA2774C800B}"
EndProject
Project("{9A19103F-16F7-4668-BE54-9A1E7A4F7556}") = "SplinterlandsBattleTrainer", "SplinterlandsBattleTrainer\SplinterlandsBattleTrainer.csproj", "{B9D8EA97-CE0E-40DF-A8E8-6B729B0C7F9C}"
EndProject
Project("{9A19103F-16F7-4668-BE54-9A1E7A4F7556}") = "SplinterlandsRankedBattles", "SplinterlandsRankedBattles\SplinterlandsRankedBattles.csproj", "{83A03E7C-142D-4AC6-93AB-F9541EC952BD}"
EndProject
Project("{2150E333-8FDC-42A3-9474-1A3956D46DE8}") = "Apps", "Apps", "{8614AC2D-3B06-47F7-95BC-BF4E9B025027}"
EndProject
Project("{2150E333-8FDC-42A3-9474-1A3956D46DE8}") = "Common", "Common", "{9C299CC5-F6B6-49E9-B90B-7A42B8C752FD}"
EndProject
Project("{2150E333-8FDC-42A3-9474-1A3956D46DE8}") = "Services", "Services", "{89C6B60D-9973-4CDD-A780-E0425FF26FFA}"
EndProject
Project("{9A19103F-16F7-4668-BE54-9A1E7A4F7556}") = "WebSocketManager", "WebSocketManager\WebSocketManager.csproj", "{0EC18FF5-3854-49B2-AC83-994138C682B7}"
EndProject
Global
	GlobalSection(SolutionConfigurationPlatforms) = preSolution
		Debug|Any CPU = Debug|Any CPU
		Release|Any CPU = Release|Any CPU
	EndGlobalSection
	GlobalSection(ProjectConfigurationPlatforms) = postSolution
		{7E91C491-C17A-4DDB-B936-9291A5FDAFDC}.Debug|Any CPU.ActiveCfg = Debug|Any CPU
		{7E91C491-C17A-4DDB-B936-9291A5FDAFDC}.Debug|Any CPU.Build.0 = Debug|Any CPU
		{7E91C491-C17A-4DDB-B936-9291A5FDAFDC}.Release|Any CPU.ActiveCfg = Release|Any CPU
		{7E91C491-C17A-4DDB-B936-9291A5FDAFDC}.Release|Any CPU.Build.0 = Release|Any CPU
		{FBFF39F1-274C-4820-BC99-AB362CB70E3E}.Debug|Any CPU.ActiveCfg = Debug|Any CPU
		{FBFF39F1-274C-4820-BC99-AB362CB70E3E}.Debug|Any CPU.Build.0 = Debug|Any CPU
		{FBFF39F1-274C-4820-BC99-AB362CB70E3E}.Release|Any CPU.ActiveCfg = Release|Any CPU
		{FBFF39F1-274C-4820-BC99-AB362CB70E3E}.Release|Any CPU.Build.0 = Release|Any CPU
		{32DED593-674E-4556-83B0-7E8E7774435B}.Debug|Any CPU.ActiveCfg = Debug|Any CPU
		{32DED593-674E-4556-83B0-7E8E7774435B}.Debug|Any CPU.Build.0 = Debug|Any CPU
		{32DED593-674E-4556-83B0-7E8E7774435B}.Release|Any CPU.ActiveCfg = Release|Any CPU
		{32DED593-674E-4556-83B0-7E8E7774435B}.Release|Any CPU.Build.0 = Release|Any CPU
		{FEFE421F-A2AA-4828-879E-B2868B5E6080}.Debug|Any CPU.ActiveCfg = Debug|Any CPU
		{FEFE421F-A2AA-4828-879E-B2868B5E6080}.Debug|Any CPU.Build.0 = Debug|Any CPU
		{FEFE421F-A2AA-4828-879E-B2868B5E6080}.Release|Any CPU.ActiveCfg = Release|Any CPU
		{FEFE421F-A2AA-4828-879E-B2868B5E6080}.Release|Any CPU.Build.0 = Release|Any CPU
		{0CB15130-15DE-4A25-85EE-3F032F48DDC2}.Debug|Any CPU.ActiveCfg = Debug|Any CPU
		{0CB15130-15DE-4A25-85EE-3F032F48DDC2}.Debug|Any CPU.Build.0 = Debug|Any CPU
		{0CB15130-15DE-4A25-85EE-3F032F48DDC2}.Release|Any CPU.ActiveCfg = Release|Any CPU
		{0CB15130-15DE-4A25-85EE-3F032F48DDC2}.Release|Any CPU.Build.0 = Release|Any CPU
		{41DB592A-2853-48F8-B871-CD4E5C31F7AA}.Debug|Any CPU.ActiveCfg = Debug|Any CPU
		{41DB592A-2853-48F8-B871-CD4E5C31F7AA}.Debug|Any CPU.Build.0 = Debug|Any CPU
		{41DB592A-2853-48F8-B871-CD4E5C31F7AA}.Release|Any CPU.ActiveCfg = Release|Any CPU
		{41DB592A-2853-48F8-B871-CD4E5C31F7AA}.Release|Any CPU.Build.0 = Release|Any CPU
		{612E03B9-F824-477F-A8D0-081511B816AA}.Debug|Any CPU.ActiveCfg = Debug|Any CPU
		{612E03B9-F824-477F-A8D0-081511B816AA}.Debug|Any CPU.Build.0 = Debug|Any CPU
		{612E03B9-F824-477F-A8D0-081511B816AA}.Release|Any CPU.ActiveCfg = Release|Any CPU
		{612E03B9-F824-477F-A8D0-081511B816AA}.Release|Any CPU.Build.0 = Release|Any CPU
		{54541B3F-CF03-4F7F-8C9A-A301612417E5}.Debug|Any CPU.ActiveCfg = Debug|Any CPU
		{54541B3F-CF03-4F7F-8C9A-A301612417E5}.Debug|Any CPU.Build.0 = Debug|Any CPU
		{54541B3F-CF03-4F7F-8C9A-A301612417E5}.Release|Any CPU.ActiveCfg = Release|Any CPU
		{54541B3F-CF03-4F7F-8C9A-A301612417E5}.Release|Any CPU.Build.0 = Release|Any CPU
		{99F8C301-77D8-41B0-AEB9-D2087446E214}.Debug|Any CPU.ActiveCfg = Debug|Any CPU
		{99F8C301-77D8-41B0-AEB9-D2087446E214}.Debug|Any CPU.Build.0 = Debug|Any CPU
		{99F8C301-77D8-41B0-AEB9-D2087446E214}.Release|Any CPU.ActiveCfg = Release|Any CPU
		{99F8C301-77D8-41B0-AEB9-D2087446E214}.Release|Any CPU.Build.0 = Release|Any CPU
		{3AA7719C-DC49-4481-B27F-F7785D7D0012}.Debug|Any CPU.ActiveCfg = Debug|Any CPU
		{3AA7719C-DC49-4481-B27F-F7785D7D0012}.Debug|Any CPU.Build.0 = Debug|Any CPU
		{3AA7719C-DC49-4481-B27F-F7785D7D0012}.Release|Any CPU.ActiveCfg = Release|Any CPU
		{3AA7719C-DC49-4481-B27F-F7785D7D0012}.Release|Any CPU.Build.0 = Release|Any CPU
		{A20F3E7E-95D5-4346-9C3C-F00CEB63D0C9}.Debug|Any CPU.ActiveCfg = Debug|Any CPU
		{A20F3E7E-95D5-4346-9C3C-F00CEB63D0C9}.Debug|Any CPU.Build.0 = Debug|Any CPU
		{A20F3E7E-95D5-4346-9C3C-F00CEB63D0C9}.Release|Any CPU.ActiveCfg = Release|Any CPU
		{A20F3E7E-95D5-4346-9C3C-F00CEB63D0C9}.Release|Any CPU.Build.0 = Release|Any CPU
		{A230AA90-2109-4867-9B38-F9AB9F321980}.Debug|Any CPU.ActiveCfg = Debug|Any CPU
		{A230AA90-2109-4867-9B38-F9AB9F321980}.Debug|Any CPU.Build.0 = Debug|Any CPU
		{A230AA90-2109-4867-9B38-F9AB9F321980}.Release|Any CPU.ActiveCfg = Release|Any CPU
		{A230AA90-2109-4867-9B38-F9AB9F321980}.Release|Any CPU.Build.0 = Release|Any CPU
		{1FFB4D31-E500-4D69-8BFD-53BF32F993F9}.Debug|Any CPU.ActiveCfg = Debug|Any CPU
		{1FFB4D31-E500-4D69-8BFD-53BF32F993F9}.Debug|Any CPU.Build.0 = Debug|Any CPU
		{1FFB4D31-E500-4D69-8BFD-53BF32F993F9}.Release|Any CPU.ActiveCfg = Release|Any CPU
		{1FFB4D31-E500-4D69-8BFD-53BF32F993F9}.Release|Any CPU.Build.0 = Release|Any CPU
		{7BE32BE5-5908-415C-B53B-39AAC514E313}.Debug|Any CPU.ActiveCfg = Debug|Any CPU
		{7BE32BE5-5908-415C-B53B-39AAC514E313}.Debug|Any CPU.Build.0 = Debug|Any CPU
		{7BE32BE5-5908-415C-B53B-39AAC514E313}.Release|Any CPU.ActiveCfg = Release|Any CPU
		{7BE32BE5-5908-415C-B53B-39AAC514E313}.Release|Any CPU.Build.0 = Release|Any CPU
		{285B86C0-3CF5-4404-82D0-010CCF2279AF}.Debug|Any CPU.ActiveCfg = Debug|Any CPU
		{285B86C0-3CF5-4404-82D0-010CCF2279AF}.Debug|Any CPU.Build.0 = Debug|Any CPU
		{285B86C0-3CF5-4404-82D0-010CCF2279AF}.Release|Any CPU.ActiveCfg = Release|Any CPU
		{285B86C0-3CF5-4404-82D0-010CCF2279AF}.Release|Any CPU.Build.0 = Release|Any CPU
		{E2707BAA-A44B-4AFE-92B0-3FB732BF8668}.Debug|Any CPU.ActiveCfg = Debug|Any CPU
		{E2707BAA-A44B-4AFE-92B0-3FB732BF8668}.Debug|Any CPU.Build.0 = Debug|Any CPU
		{E2707BAA-A44B-4AFE-92B0-3FB732BF8668}.Release|Any CPU.ActiveCfg = Release|Any CPU
		{E2707BAA-A44B-4AFE-92B0-3FB732BF8668}.Release|Any CPU.Build.0 = Release|Any CPU
		{7BC786C2-56A0-4BA3-BBE0-F615718F4A16}.Debug|Any CPU.ActiveCfg = Debug|Any CPU
		{7BC786C2-56A0-4BA3-BBE0-F615718F4A16}.Debug|Any CPU.Build.0 = Debug|Any CPU
		{7BC786C2-56A0-4BA3-BBE0-F615718F4A16}.Release|Any CPU.ActiveCfg = Release|Any CPU
		{7BC786C2-56A0-4BA3-BBE0-F615718F4A16}.Release|Any CPU.Build.0 = Release|Any CPU
		{A47C0A83-EC03-424A-8DB6-1FD33FF32B00}.Debug|Any CPU.ActiveCfg = Debug|Any CPU
		{A47C0A83-EC03-424A-8DB6-1FD33FF32B00}.Debug|Any CPU.Build.0 = Debug|Any CPU
		{A47C0A83-EC03-424A-8DB6-1FD33FF32B00}.Release|Any CPU.ActiveCfg = Release|Any CPU
		{A47C0A83-EC03-424A-8DB6-1FD33FF32B00}.Release|Any CPU.Build.0 = Release|Any CPU
		{D634B6CF-A91E-4ED2-9961-4DA2774C800B}.Debug|Any CPU.ActiveCfg = Debug|Any CPU
		{D634B6CF-A91E-4ED2-9961-4DA2774C800B}.Debug|Any CPU.Build.0 = Debug|Any CPU
		{D634B6CF-A91E-4ED2-9961-4DA2774C800B}.Release|Any CPU.ActiveCfg = Release|Any CPU
		{D634B6CF-A91E-4ED2-9961-4DA2774C800B}.Release|Any CPU.Build.0 = Release|Any CPU
		{B9D8EA97-CE0E-40DF-A8E8-6B729B0C7F9C}.Debug|Any CPU.ActiveCfg = Debug|Any CPU
		{B9D8EA97-CE0E-40DF-A8E8-6B729B0C7F9C}.Debug|Any CPU.Build.0 = Debug|Any CPU
		{B9D8EA97-CE0E-40DF-A8E8-6B729B0C7F9C}.Release|Any CPU.ActiveCfg = Release|Any CPU
		{B9D8EA97-CE0E-40DF-A8E8-6B729B0C7F9C}.Release|Any CPU.Build.0 = Release|Any CPU
		{83A03E7C-142D-4AC6-93AB-F9541EC952BD}.Debug|Any CPU.ActiveCfg = Debug|Any CPU
		{83A03E7C-142D-4AC6-93AB-F9541EC952BD}.Debug|Any CPU.Build.0 = Debug|Any CPU
		{83A03E7C-142D-4AC6-93AB-F9541EC952BD}.Release|Any CPU.ActiveCfg = Release|Any CPU
		{83A03E7C-142D-4AC6-93AB-F9541EC952BD}.Release|Any CPU.Build.0 = Release|Any CPU
		{0EC18FF5-3854-49B2-AC83-994138C682B7}.Debug|Any CPU.ActiveCfg = Debug|Any CPU
		{0EC18FF5-3854-49B2-AC83-994138C682B7}.Debug|Any CPU.Build.0 = Debug|Any CPU
		{0EC18FF5-3854-49B2-AC83-994138C682B7}.Release|Any CPU.ActiveCfg = Release|Any CPU
		{0EC18FF5-3854-49B2-AC83-994138C682B7}.Release|Any CPU.Build.0 = Release|Any CPU
	EndGlobalSection
	GlobalSection(SolutionProperties) = preSolution
		HideSolutionNode = FALSE
	EndGlobalSection
	GlobalSection(NestedProjects) = preSolution
		{7E91C491-C17A-4DDB-B936-9291A5FDAFDC} = {8614AC2D-3B06-47F7-95BC-BF4E9B025027}
		{FBFF39F1-274C-4820-BC99-AB362CB70E3E} = {89C6B60D-9973-4CDD-A780-E0425FF26FFA}
		{32DED593-674E-4556-83B0-7E8E7774435B} = {89C6B60D-9973-4CDD-A780-E0425FF26FFA}
		{FEFE421F-A2AA-4828-879E-B2868B5E6080} = {89C6B60D-9973-4CDD-A780-E0425FF26FFA}
		{0CB15130-15DE-4A25-85EE-3F032F48DDC2} = {89C6B60D-9973-4CDD-A780-E0425FF26FFA}
		{41DB592A-2853-48F8-B871-CD4E5C31F7AA} = {89C6B60D-9973-4CDD-A780-E0425FF26FFA}
		{612E03B9-F824-477F-A8D0-081511B816AA} = {89C6B60D-9973-4CDD-A780-E0425FF26FFA}
		{54541B3F-CF03-4F7F-8C9A-A301612417E5} = {89C6B60D-9973-4CDD-A780-E0425FF26FFA}
		{99F8C301-77D8-41B0-AEB9-D2087446E214} = {89C6B60D-9973-4CDD-A780-E0425FF26FFA}
		{3AA7719C-DC49-4481-B27F-F7785D7D0012} = {89C6B60D-9973-4CDD-A780-E0425FF26FFA}
		{A20F3E7E-95D5-4346-9C3C-F00CEB63D0C9} = {89C6B60D-9973-4CDD-A780-E0425FF26FFA}
		{A230AA90-2109-4867-9B38-F9AB9F321980} = {89C6B60D-9973-4CDD-A780-E0425FF26FFA}
		{1FFB4D31-E500-4D69-8BFD-53BF32F993F9} = {8614AC2D-3B06-47F7-95BC-BF4E9B025027}
		{7BE32BE5-5908-415C-B53B-39AAC514E313} = {8614AC2D-3B06-47F7-95BC-BF4E9B025027}
		{285B86C0-3CF5-4404-82D0-010CCF2279AF} = {89C6B60D-9973-4CDD-A780-E0425FF26FFA}
		{E2707BAA-A44B-4AFE-92B0-3FB732BF8668} = {9C299CC5-F6B6-49E9-B90B-7A42B8C752FD}
		{7BC786C2-56A0-4BA3-BBE0-F615718F4A16} = {89C6B60D-9973-4CDD-A780-E0425FF26FFA}
		{A47C0A83-EC03-424A-8DB6-1FD33FF32B00} = {9C299CC5-F6B6-49E9-B90B-7A42B8C752FD}
		{D634B6CF-A91E-4ED2-9961-4DA2774C800B} = {89C6B60D-9973-4CDD-A780-E0425FF26FFA}
		{B9D8EA97-CE0E-40DF-A8E8-6B729B0C7F9C} = {89C6B60D-9973-4CDD-A780-E0425FF26FFA}
		{83A03E7C-142D-4AC6-93AB-F9541EC952BD} = {89C6B60D-9973-4CDD-A780-E0425FF26FFA}
		{0EC18FF5-3854-49B2-AC83-994138C682B7} = {89C6B60D-9973-4CDD-A780-E0425FF26FFA}
	EndGlobalSection
	GlobalSection(ExtensibilityGlobals) = postSolution
		SolutionGuid = {1144E1C1-B368-42E7-8AD5-90BBCA25321A}
	EndGlobalSection
EndGlobal
